
Microsoft Visual Studio Solution File, Format Version 12.00
# Visual Studio Version 17
VisualStudioVersion = 17.11.35219.272
MinimumVisualStudioVersion = 10.0.40219.1
Project("{9A19103F-16F7-4668-BE54-9A1E7A4F7556}") = "DeveloperSample", "DeveloperSample.csproj", "{94C382CB-2586-43C0-B81D-44F7C3943F02}"
EndProject
Global
	GlobalSection(SolutionConfigurationPlatforms) = preSolution
		Debug|Any CPU = Debug|Any CPU
		Release|Any CPU = Release|Any CPU
	EndGlobalSection
	GlobalSection(ProjectConfigurationPlatforms) = postSolution
		{94C382CB-2586-43C0-B81D-44F7C3943F02}.Debug|Any CPU.ActiveCfg = Debug|Any CPU
		{94C382CB-2586-43C0-B81D-44F7C3943F02}.Debug|Any CPU.Build.0 = Debug|Any CPU
		{94C382CB-2586-43C0-B81D-44F7C3943F02}.Release|Any CPU.ActiveCfg = Release|Any CPU
		{94C382CB-2586-43C0-B81D-44F7C3943F02}.Release|Any CPU.Build.0 = Release|Any CPU
	EndGlobalSection
	GlobalSection(SolutionProperties) = preSolution
		HideSolutionNode = FALSE
	EndGlobalSection
	GlobalSection(ExtensibilityGlobals) = postSolution
		SolutionGuid = {8BD5C233-980E-4C40-BACA-3C5BF12D04FC}
	EndGlobalSection
EndGlobal
